
Microsoft Visual Studio Solution File, Format Version 12.00
# Visual Studio Version 16
VisualStudioVersion = 16.0.30907.101
MinimumVisualStudioVersion = 10.0.40219.1
Project("{FAE04EC0-301F-11D3-BF4B-00C04F79EFBC}") = "Lista3_EX8_PRCA2", "Lista3_EX8_PRCA2\Lista3_EX8_PRCA2.csproj", "{F18159AC-4677-455B-A68A-C20FC4C3AF03}"
EndProject
Global
	GlobalSection(SolutionConfigurationPlatforms) = preSolution
		Debug|Any CPU = Debug|Any CPU
		Release|Any CPU = Release|Any CPU
	EndGlobalSection
	GlobalSection(ProjectConfigurationPlatforms) = postSolution
		{F18159AC-4677-455B-A68A-C20FC4C3AF03}.Debug|Any CPU.ActiveCfg = Debug|Any CPU
		{F18159AC-4677-455B-A68A-C20FC4C3AF03}.Debug|Any CPU.Build.0 = Debug|Any CPU
		{F18159AC-4677-455B-A68A-C20FC4C3AF03}.Release|Any CPU.ActiveCfg = Release|Any CPU
		{F18159AC-4677-455B-A68A-C20FC4C3AF03}.Release|Any CPU.Build.0 = Release|Any CPU
	EndGlobalSection
	GlobalSection(SolutionProperties) = preSolution
		HideSolutionNode = FALSE
	EndGlobalSection
	GlobalSection(ExtensibilityGlobals) = postSolution
		SolutionGuid = {740A3EDF-65A2-48C9-A8B7-E8DCA927DD30}
	EndGlobalSection
EndGlobal
